
Microsoft Visual Studio Solution File, Format Version 12.00
# Visual Studio 15
VisualStudioVersion = 15.0.28307.168
MinimumVisualStudioVersion = 10.0.40219.1
Project("{FAE04EC0-301F-11D3-BF4B-00C04F79EFBC}") = "Dobble.Android", "Dobble\Dobble.Android\Dobble.Android.csproj", "{9BC49011-10A1-4E7D-8FED-2A6EB12C254A}"
EndProject
Project("{FAE04EC0-301F-11D3-BF4B-00C04F79EFBC}") = "Dobble.UWP", "Dobble\Dobble.UWP\Dobble.UWP.csproj", "{24EADF6A-2DAE-43EE-BE6A-A0BD79034133}"
EndProject
Project("{9A19103F-16F7-4668-BE54-9A1E7A4F7556}") = "Dobble", "Dobble\Dobble\Dobble.csproj", "{05EEA388-1570-4312-BA80-5E7A30BF3A89}"
EndProject
Project("{9A19103F-16F7-4668-BE54-9A1E7A4F7556}") = "TestDobble", "TestDobble\TestDobble.csproj", "{395F0560-61AA-469B-9B5E-B5900C10FF3A}"
EndProject
Project("{FAE04EC0-301F-11D3-BF4B-00C04F79EFBC}") = "WebSignalR", "WebSignalR\WebSignalR.csproj", "{FFEC4242-E44D-4BED-AE22-B0F626D1A3D1}"
EndProject
Global
	GlobalSection(SolutionConfigurationPlatforms) = preSolution
		Ad-Hoc|Any CPU = Ad-Hoc|Any CPU
		Ad-Hoc|ARM = Ad-Hoc|ARM
		Ad-Hoc|iPhone = Ad-Hoc|iPhone
		Ad-Hoc|iPhoneSimulator = Ad-Hoc|iPhoneSimulator
		Ad-Hoc|x64 = Ad-Hoc|x64
		Ad-Hoc|x86 = Ad-Hoc|x86
		AppStore|Any CPU = AppStore|Any CPU
		AppStore|ARM = AppStore|ARM
		AppStore|iPhone = AppStore|iPhone
		AppStore|iPhoneSimulator = AppStore|iPhoneSimulator
		AppStore|x64 = AppStore|x64
		AppStore|x86 = AppStore|x86
		Debug|Any CPU = Debug|Any CPU
		Debug|ARM = Debug|ARM
		Debug|iPhone = Debug|iPhone
		Debug|iPhoneSimulator = Debug|iPhoneSimulator
		Debug|x64 = Debug|x64
		Debug|x86 = Debug|x86
		Release|Any CPU = Release|Any CPU
		Release|ARM = Release|ARM
		Release|iPhone = Release|iPhone
		Release|iPhoneSimulator = Release|iPhoneSimulator
		Release|x64 = Release|x64
		Release|x86 = Release|x86
	EndGlobalSection
	GlobalSection(ProjectConfigurationPlatforms) = postSolution
		{9BC49011-10A1-4E7D-8FED-2A6EB12C254A}.Ad-Hoc|Any CPU.ActiveCfg = Release|Any CPU
		{9BC49011-10A1-4E7D-8FED-2A6EB12C254A}.Ad-Hoc|Any CPU.Build.0 = Release|Any CPU
		{9BC49011-10A1-4E7D-8FED-2A6EB12C254A}.Ad-Hoc|Any CPU.Deploy.0 = Release|Any CPU
		{9BC49011-10A1-4E7D-8FED-2A6EB12C254A}.Ad-Hoc|ARM.ActiveCfg = Release|Any CPU
		{9BC49011-10A1-4E7D-8FED-2A6EB12C254A}.Ad-Hoc|ARM.Build.0 = Release|Any CPU
		{9BC49011-10A1-4E7D-8FED-2A6EB12C254A}.Ad-Hoc|ARM.Deploy.0 = Release|Any CPU
		{9BC49011-10A1-4E7D-8FED-2A6EB12C254A}.Ad-Hoc|iPhone.ActiveCfg = Release|Any CPU
		{9BC49011-10A1-4E7D-8FED-2A6EB12C254A}.Ad-Hoc|iPhone.Build.0 = Release|Any CPU
		{9BC49011-10A1-4E7D-8FED-2A6EB12C254A}.Ad-Hoc|iPhone.Deploy.0 = Release|Any CPU
		{9BC49011-10A1-4E7D-8FED-2A6EB12C254A}.Ad-Hoc|iPhoneSimulator.ActiveCfg = Release|Any CPU
		{9BC49011-10A1-4E7D-8FED-2A6EB12C254A}.Ad-Hoc|iPhoneSimulator.Build.0 = Release|Any CPU
		{9BC49011-10A1-4E7D-8FED-2A6EB12C254A}.Ad-Hoc|iPhoneSimulator.Deploy.0 = Release|Any CPU
		{9BC49011-10A1-4E7D-8FED-2A6EB12C254A}.Ad-Hoc|x64.ActiveCfg = Release|Any CPU
		{9BC49011-10A1-4E7D-8FED-2A6EB12C254A}.Ad-Hoc|x64.Build.0 = Release|Any CPU
		{9BC49011-10A1-4E7D-8FED-2A6EB12C254A}.Ad-Hoc|x64.Deploy.0 = Release|Any CPU
		{9BC49011-10A1-4E7D-8FED-2A6EB12C254A}.Ad-Hoc|x86.ActiveCfg = Release|Any CPU
		{9BC49011-10A1-4E7D-8FED-2A6EB12C254A}.Ad-Hoc|x86.Build.0 = Release|Any CPU
		{9BC49011-10A1-4E7D-8FED-2A6EB12C254A}.Ad-Hoc|x86.Deploy.0 = Release|Any CPU
		{9BC49011-10A1-4E7D-8FED-2A6EB12C254A}.AppStore|Any CPU.ActiveCfg = Release|Any CPU
		{9BC49011-10A1-4E7D-8FED-2A6EB12C254A}.AppStore|Any CPU.Build.0 = Release|Any CPU
		{9BC49011-10A1-4E7D-8FED-2A6EB12C254A}.AppStore|Any CPU.Deploy.0 = Release|Any CPU
		{9BC49011-10A1-4E7D-8FED-2A6EB12C254A}.AppStore|ARM.ActiveCfg = Release|Any CPU
		{9BC49011-10A1-4E7D-8FED-2A6EB12C254A}.AppStore|ARM.Build.0 = Release|Any CPU
		{9BC49011-10A1-4E7D-8FED-2A6EB12C254A}.AppStore|ARM.Deploy.0 = Release|Any CPU
		{9BC49011-10A1-4E7D-8FED-2A6EB12C254A}.AppStore|iPhone.ActiveCfg = Release|Any CPU
		{9BC49011-10A1-4E7D-8FED-2A6EB12C254A}.AppStore|iPhone.Build.0 = Release|Any CPU
		{9BC49011-10A1-4E7D-8FED-2A6EB12C254A}.AppStore|iPhone.Deploy.0 = Release|Any CPU
		{9BC49011-10A1-4E7D-8FED-2A6EB12C254A}.AppStore|iPhoneSimulator.ActiveCfg = Release|Any CPU
		{9BC49011-10A1-4E7D-8FED-2A6EB12C254A}.AppStore|iPhoneSimulator.Build.0 = Release|Any CPU
		{9BC49011-10A1-4E7D-8FED-2A6EB12C254A}.AppStore|iPhoneSimulator.Deploy.0 = Release|Any CPU
		{9BC49011-10A1-4E7D-8FED-2A6EB12C254A}.AppStore|x64.ActiveCfg = Release|Any CPU
		{9BC49011-10A1-4E7D-8FED-2A6EB12C254A}.AppStore|x64.Build.0 = Release|Any CPU
		{9BC49011-10A1-4E7D-8FED-2A6EB12C254A}.AppStore|x64.Deploy.0 = Release|Any CPU
		{9BC49011-10A1-4E7D-8FED-2A6EB12C254A}.AppStore|x86.ActiveCfg = Release|Any CPU
		{9BC49011-10A1-4E7D-8FED-2A6EB12C254A}.AppStore|x86.Build.0 = Release|Any CPU
		{9BC49011-10A1-4E7D-8FED-2A6EB12C254A}.AppStore|x86.Deploy.0 = Release|Any CPU
		{9BC49011-10A1-4E7D-8FED-2A6EB12C254A}.Debug|Any CPU.ActiveCfg = Debug|Any CPU
		{9BC49011-10A1-4E7D-8FED-2A6EB12C254A}.Debug|Any CPU.Build.0 = Debug|Any CPU
		{9BC49011-10A1-4E7D-8FED-2A6EB12C254A}.Debug|Any CPU.Deploy.0 = Debug|Any CPU
		{9BC49011-10A1-4E7D-8FED-2A6EB12C254A}.Debug|ARM.ActiveCfg = Debug|Any CPU
		{9BC49011-10A1-4E7D-8FED-2A6EB12C254A}.Debug|ARM.Build.0 = Debug|Any CPU
		{9BC49011-10A1-4E7D-8FED-2A6EB12C254A}.Debug|ARM.Deploy.0 = Debug|Any CPU
		{9BC49011-10A1-4E7D-8FED-2A6EB12C254A}.Debug|iPhone.ActiveCfg = Debug|Any CPU
		{9BC49011-10A1-4E7D-8FED-2A6EB12C254A}.Debug|iPhone.Build.0 = Debug|Any CPU
		{9BC49011-10A1-4E7D-8FED-2A6EB12C254A}.Debug|iPhone.Deploy.0 = Debug|Any CPU
		{9BC49011-10A1-4E7D-8FED-2A6EB12C254A}.Debug|iPhoneSimulator.ActiveCfg = Debug|Any CPU
		{9BC49011-10A1-4E7D-8FED-2A6EB12C254A}.Debug|iPhoneSimulator.Build.0 = Debug|Any CPU
		{9BC49011-10A1-4E7D-8FED-2A6EB12C254A}.Debug|iPhoneSimulator.Deploy.0 = Debug|Any CPU
		{9BC49011-10A1-4E7D-8FED-2A6EB12C254A}.Debug|x64.ActiveCfg = Debug|Any CPU
		{9BC49011-10A1-4E7D-8FED-2A6EB12C254A}.Debug|x64.Build.0 = Debug|Any CPU
		{9BC49011-10A1-4E7D-8FED-2A6EB12C254A}.Debug|x64.Deploy.0 = Debug|Any CPU
		{9BC49011-10A1-4E7D-8FED-2A6EB12C254A}.Debug|x86.ActiveCfg = Debug|Any CPU
		{9BC49011-10A1-4E7D-8FED-2A6EB12C254A}.Debug|x86.Build.0 = Debug|Any CPU
		{9BC49011-10A1-4E7D-8FED-2A6EB12C254A}.Debug|x86.Deploy.0 = Debug|Any CPU
		{9BC49011-10A1-4E7D-8FED-2A6EB12C254A}.Release|Any CPU.ActiveCfg = Release|Any CPU
		{9BC49011-10A1-4E7D-8FED-2A6EB12C254A}.Release|Any CPU.Build.0 = Release|Any CPU
		{9BC49011-10A1-4E7D-8FED-2A6EB12C254A}.Release|Any CPU.Deploy.0 = Release|Any CPU
		{9BC49011-10A1-4E7D-8FED-2A6EB12C254A}.Release|ARM.ActiveCfg = Release|Any CPU
		{9BC49011-10A1-4E7D-8FED-2A6EB12C254A}.Release|ARM.Build.0 = Release|Any CPU
		{9BC49011-10A1-4E7D-8FED-2A6EB12C254A}.Release|ARM.Deploy.0 = Release|Any CPU
		{9BC49011-10A1-4E7D-8FED-2A6EB12C254A}.Release|iPhone.ActiveCfg = Release|Any CPU
		{9BC49011-10A1-4E7D-8FED-2A6EB12C254A}.Release|iPhone.Build.0 = Release|Any CPU
		{9BC49011-10A1-4E7D-8FED-2A6EB12C254A}.Release|iPhone.Deploy.0 = Release|Any CPU
		{9BC49011-10A1-4E7D-8FED-2A6EB12C254A}.Release|iPhoneSimulator.ActiveCfg = Release|Any CPU
		{9BC49011-10A1-4E7D-8FED-2A6EB12C254A}.Release|iPhoneSimulator.Build.0 = Release|Any CPU
		{9BC49011-10A1-4E7D-8FED-2A6EB12C254A}.Release|iPhoneSimulator.Deploy.0 = Release|Any CPU
		{9BC49011-10A1-4E7D-8FED-2A6EB12C254A}.Release|x64.ActiveCfg = Release|Any CPU
		{9BC49011-10A1-4E7D-8FED-2A6EB12C254A}.Release|x64.Build.0 = Release|Any CPU
		{9BC49011-10A1-4E7D-8FED-2A6EB12C254A}.Release|x64.Deploy.0 = Release|Any CPU
		{9BC49011-10A1-4E7D-8FED-2A6EB12C254A}.Release|x86.ActiveCfg = Release|Any CPU
		{9BC49011-10A1-4E7D-8FED-2A6EB12C254A}.Release|x86.Build.0 = Release|Any CPU
		{9BC49011-10A1-4E7D-8FED-2A6EB12C254A}.Release|x86.Deploy.0 = Release|Any CPU
		{24EADF6A-2DAE-43EE-BE6A-A0BD79034133}.Ad-Hoc|Any CPU.ActiveCfg = Release|x86
		{24EADF6A-2DAE-43EE-BE6A-A0BD79034133}.Ad-Hoc|Any CPU.Build.0 = Release|x86
		{24EADF6A-2DAE-43EE-BE6A-A0BD79034133}.Ad-Hoc|Any CPU.Deploy.0 = Release|x86
		{24EADF6A-2DAE-43EE-BE6A-A0BD79034133}.Ad-Hoc|ARM.ActiveCfg = Release|ARM
		{24EADF6A-2DAE-43EE-BE6A-A0BD79034133}.Ad-Hoc|ARM.Build.0 = Release|ARM
		{24EADF6A-2DAE-43EE-BE6A-A0BD79034133}.Ad-Hoc|ARM.Deploy.0 = Release|ARM
		{24EADF6A-2DAE-43EE-BE6A-A0BD79034133}.Ad-Hoc|iPhone.ActiveCfg = Release|x86
		{24EADF6A-2DAE-43EE-BE6A-A0BD79034133}.Ad-Hoc|iPhone.Build.0 = Release|x86
		{24EADF6A-2DAE-43EE-BE6A-A0BD79034133}.Ad-Hoc|iPhone.Deploy.0 = Release|x86
		{24EADF6A-2DAE-43EE-BE6A-A0BD79034133}.Ad-Hoc|iPhoneSimulator.ActiveCfg = Release|x86
		{24EADF6A-2DAE-43EE-BE6A-A0BD79034133}.Ad-Hoc|iPhoneSimulator.Build.0 = Release|x86
		{24EADF6A-2DAE-43EE-BE6A-A0BD79034133}.Ad-Hoc|iPhoneSimulator.Deploy.0 = Release|x86
		{24EADF6A-2DAE-43EE-BE6A-A0BD79034133}.Ad-Hoc|x64.ActiveCfg = Release|x64
		{24EADF6A-2DAE-43EE-BE6A-A0BD79034133}.Ad-Hoc|x64.Build.0 = Release|x64
		{24EADF6A-2DAE-43EE-BE6A-A0BD79034133}.Ad-Hoc|x64.Deploy.0 = Release|x64
		{24EADF6A-2DAE-43EE-BE6A-A0BD79034133}.Ad-Hoc|x86.ActiveCfg = Release|x86
		{24EADF6A-2DAE-43EE-BE6A-A0BD79034133}.Ad-Hoc|x86.Build.0 = Release|x86
		{24EADF6A-2DAE-43EE-BE6A-A0BD79034133}.Ad-Hoc|x86.Deploy.0 = Release|x86
		{24EADF6A-2DAE-43EE-BE6A-A0BD79034133}.AppStore|Any CPU.ActiveCfg = Release|x86
		{24EADF6A-2DAE-43EE-BE6A-A0BD79034133}.AppStore|Any CPU.Build.0 = Release|x86
		{24EADF6A-2DAE-43EE-BE6A-A0BD79034133}.AppStore|Any CPU.Deploy.0 = Release|x86
		{24EADF6A-2DAE-43EE-BE6A-A0BD79034133}.AppStore|ARM.ActiveCfg = Release|ARM
		{24EADF6A-2DAE-43EE-BE6A-A0BD79034133}.AppStore|ARM.Build.0 = Release|ARM
		{24EADF6A-2DAE-43EE-BE6A-A0BD79034133}.AppStore|ARM.Deploy.0 = Release|ARM
		{24EADF6A-2DAE-43EE-BE6A-A0BD79034133}.AppStore|iPhone.ActiveCfg = Release|x86
		{24EADF6A-2DAE-43EE-BE6A-A0BD79034133}.AppStore|iPhone.Build.0 = Release|x86
		{24EADF6A-2DAE-43EE-BE6A-A0BD79034133}.AppStore|iPhone.Deploy.0 = Release|x86
		{24EADF6A-2DAE-43EE-BE6A-A0BD79034133}.AppStore|iPhoneSimulator.ActiveCfg = Release|x86
		{24EADF6A-2DAE-43EE-BE6A-A0BD79034133}.AppStore|iPhoneSimulator.Build.0 = Release|x86
		{24EADF6A-2DAE-43EE-BE6A-A0BD79034133}.AppStore|iPhoneSimulator.Deploy.0 = Release|x86
		{24EADF6A-2DAE-43EE-BE6A-A0BD79034133}.AppStore|x64.ActiveCfg = Release|x64
		{24EADF6A-2DAE-43EE-BE6A-A0BD79034133}.AppStore|x64.Build.0 = Release|x64
		{24EADF6A-2DAE-43EE-BE6A-A0BD79034133}.AppStore|x64.Deploy.0 = Release|x64
		{24EADF6A-2DAE-43EE-BE6A-A0BD79034133}.AppStore|x86.ActiveCfg = Release|x86
		{24EADF6A-2DAE-43EE-BE6A-A0BD79034133}.AppStore|x86.Build.0 = Release|x86
		{24EADF6A-2DAE-43EE-BE6A-A0BD79034133}.AppStore|x86.Deploy.0 = Release|x86
		{24EADF6A-2DAE-43EE-BE6A-A0BD79034133}.Debug|Any CPU.ActiveCfg = Debug|x86
		{24EADF6A-2DAE-43EE-BE6A-A0BD79034133}.Debug|Any CPU.Build.0 = Debug|x86
		{24EADF6A-2DAE-43EE-BE6A-A0BD79034133}.Debug|Any CPU.Deploy.0 = Debug|x86
		{24EADF6A-2DAE-43EE-BE6A-A0BD79034133}.Debug|ARM.ActiveCfg = Debug|ARM
		{24EADF6A-2DAE-43EE-BE6A-A0BD79034133}.Debug|ARM.Build.0 = Debug|ARM
		{24EADF6A-2DAE-43EE-BE6A-A0BD79034133}.Debug|ARM.Deploy.0 = Debug|ARM
		{24EADF6A-2DAE-43EE-BE6A-A0BD79034133}.Debug|iPhone.ActiveCfg = Debug|x86
		{24EADF6A-2DAE-43EE-BE6A-A0BD79034133}.Debug|iPhone.Build.0 = Debug|x86
		{24EADF6A-2DAE-43EE-BE6A-A0BD79034133}.Debug|iPhone.Deploy.0 = Debug|x86
		{24EADF6A-2DAE-43EE-BE6A-A0BD79034133}.Debug|iPhoneSimulator.ActiveCfg = Debug|x86
		{24EADF6A-2DAE-43EE-BE6A-A0BD79034133}.Debug|iPhoneSimulator.Build.0 = Debug|x86
		{24EADF6A-2DAE-43EE-BE6A-A0BD79034133}.Debug|iPhoneSimulator.Deploy.0 = Debug|x86
		{24EADF6A-2DAE-43EE-BE6A-A0BD79034133}.Debug|x64.ActiveCfg = Debug|x64
		{24EADF6A-2DAE-43EE-BE6A-A0BD79034133}.Debug|x64.Build.0 = Debug|x64
		{24EADF6A-2DAE-43EE-BE6A-A0BD79034133}.Debug|x64.Deploy.0 = Debug|x64
		{24EADF6A-2DAE-43EE-BE6A-A0BD79034133}.Debug|x86.ActiveCfg = Debug|x86
		{24EADF6A-2DAE-43EE-BE6A-A0BD79034133}.Debug|x86.Build.0 = Debug|x86
		{24EADF6A-2DAE-43EE-BE6A-A0BD79034133}.Debug|x86.Deploy.0 = Debug|x86
		{24EADF6A-2DAE-43EE-BE6A-A0BD79034133}.Release|Any CPU.ActiveCfg = Release|x86
		{24EADF6A-2DAE-43EE-BE6A-A0BD79034133}.Release|Any CPU.Build.0 = Release|x86
		{24EADF6A-2DAE-43EE-BE6A-A0BD79034133}.Release|Any CPU.Deploy.0 = Release|x86
		{24EADF6A-2DAE-43EE-BE6A-A0BD79034133}.Release|ARM.ActiveCfg = Release|ARM
		{24EADF6A-2DAE-43EE-BE6A-A0BD79034133}.Release|ARM.Build.0 = Release|ARM
		{24EADF6A-2DAE-43EE-BE6A-A0BD79034133}.Release|ARM.Deploy.0 = Release|ARM
		{24EADF6A-2DAE-43EE-BE6A-A0BD79034133}.Release|iPhone.ActiveCfg = Release|x86
		{24EADF6A-2DAE-43EE-BE6A-A0BD79034133}.Release|iPhone.Build.0 = Release|x86
		{24EADF6A-2DAE-43EE-BE6A-A0BD79034133}.Release|iPhone.Deploy.0 = Release|x86
		{24EADF6A-2DAE-43EE-BE6A-A0BD79034133}.Release|iPhoneSimulator.ActiveCfg = Release|x86
		{24EADF6A-2DAE-43EE-BE6A-A0BD79034133}.Release|iPhoneSimulator.Build.0 = Release|x86
		{24EADF6A-2DAE-43EE-BE6A-A0BD79034133}.Release|iPhoneSimulator.Deploy.0 = Release|x86
		{24EADF6A-2DAE-43EE-BE6A-A0BD79034133}.Release|x64.ActiveCfg = Release|x64
		{24EADF6A-2DAE-43EE-BE6A-A0BD79034133}.Release|x64.Build.0 = Release|x64
		{24EADF6A-2DAE-43EE-BE6A-A0BD79034133}.Release|x64.Deploy.0 = Release|x64
		{24EADF6A-2DAE-43EE-BE6A-A0BD79034133}.Release|x86.ActiveCfg = Release|x86
		{24EADF6A-2DAE-43EE-BE6A-A0BD79034133}.Release|x86.Build.0 = Release|x86
		{24EADF6A-2DAE-43EE-BE6A-A0BD79034133}.Release|x86.Deploy.0 = Release|x86
		{05EEA388-1570-4312-BA80-5E7A30BF3A89}.Ad-Hoc|Any CPU.ActiveCfg = Debug|Any CPU
		{05EEA388-1570-4312-BA80-5E7A30BF3A89}.Ad-Hoc|Any CPU.Build.0 = Debug|Any CPU
		{05EEA388-1570-4312-BA80-5E7A30BF3A89}.Ad-Hoc|Any CPU.Deploy.0 = Debug|Any CPU
		{05EEA388-1570-4312-BA80-5E7A30BF3A89}.Ad-Hoc|ARM.ActiveCfg = Debug|Any CPU
		{05EEA388-1570-4312-BA80-5E7A30BF3A89}.Ad-Hoc|ARM.Build.0 = Debug|Any CPU
		{05EEA388-1570-4312-BA80-5E7A30BF3A89}.Ad-Hoc|ARM.Deploy.0 = Debug|Any CPU
		{05EEA388-1570-4312-BA80-5E7A30BF3A89}.Ad-Hoc|iPhone.ActiveCfg = Debug|Any CPU
		{05EEA388-1570-4312-BA80-5E7A30BF3A89}.Ad-Hoc|iPhone.Build.0 = Debug|Any CPU
		{05EEA388-1570-4312-BA80-5E7A30BF3A89}.Ad-Hoc|iPhone.Deploy.0 = Debug|Any CPU
		{05EEA388-1570-4312-BA80-5E7A30BF3A89}.Ad-Hoc|iPhoneSimulator.ActiveCfg = Debug|Any CPU
		{05EEA388-1570-4312-BA80-5E7A30BF3A89}.Ad-Hoc|iPhoneSimulator.Build.0 = Debug|Any CPU
		{05EEA388-1570-4312-BA80-5E7A30BF3A89}.Ad-Hoc|iPhoneSimulator.Deploy.0 = Debug|Any CPU
		{05EEA388-1570-4312-BA80-5E7A30BF3A89}.Ad-Hoc|x64.ActiveCfg = Debug|Any CPU
		{05EEA388-1570-4312-BA80-5E7A30BF3A89}.Ad-Hoc|x64.Build.0 = Debug|Any CPU
		{05EEA388-1570-4312-BA80-5E7A30BF3A89}.Ad-Hoc|x64.Deploy.0 = Debug|Any CPU
		{05EEA388-1570-4312-BA80-5E7A30BF3A89}.Ad-Hoc|x86.ActiveCfg = Debug|Any CPU
		{05EEA388-1570-4312-BA80-5E7A30BF3A89}.Ad-Hoc|x86.Build.0 = Debug|Any CPU
		{05EEA388-1570-4312-BA80-5E7A30BF3A89}.Ad-Hoc|x86.Deploy.0 = Debug|Any CPU
		{05EEA388-1570-4312-BA80-5E7A30BF3A89}.AppStore|Any CPU.ActiveCfg = Debug|Any CPU
		{05EEA388-1570-4312-BA80-5E7A30BF3A89}.AppStore|Any CPU.Build.0 = Debug|Any CPU
		{05EEA388-1570-4312-BA80-5E7A30BF3A89}.AppStore|Any CPU.Deploy.0 = Debug|Any CPU
		{05EEA388-1570-4312-BA80-5E7A30BF3A89}.AppStore|ARM.ActiveCfg = Debug|Any CPU
		{05EEA388-1570-4312-BA80-5E7A30BF3A89}.AppStore|ARM.Build.0 = Debug|Any CPU
		{05EEA388-1570-4312-BA80-5E7A30BF3A89}.AppStore|ARM.Deploy.0 = Debug|Any CPU
		{05EEA388-1570-4312-BA80-5E7A30BF3A89}.AppStore|iPhone.ActiveCfg = Debug|Any CPU
		{05EEA388-1570-4312-BA80-5E7A30BF3A89}.AppStore|iPhone.Build.0 = Debug|Any CPU
		{05EEA388-1570-4312-BA80-5E7A30BF3A89}.AppStore|iPhone.Deploy.0 = Debug|Any CPU
		{05EEA388-1570-4312-BA80-5E7A30BF3A89}.AppStore|iPhoneSimulator.ActiveCfg = Debug|Any CPU
		{05EEA388-1570-4312-BA80-5E7A30BF3A89}.AppStore|iPhoneSimulator.Build.0 = Debug|Any CPU
		{05EEA388-1570-4312-BA80-5E7A30BF3A89}.AppStore|iPhoneSimulator.Deploy.0 = Debug|Any CPU
		{05EEA388-1570-4312-BA80-5E7A30BF3A89}.AppStore|x64.ActiveCfg = Debug|Any CPU
		{05EEA388-1570-4312-BA80-5E7A30BF3A89}.AppStore|x64.Build.0 = Debug|Any CPU
		{05EEA388-1570-4312-BA80-5E7A30BF3A89}.AppStore|x64.Deploy.0 = Debug|Any CPU
		{05EEA388-1570-4312-BA80-5E7A30BF3A89}.AppStore|x86.ActiveCfg = Debug|Any CPU
		{05EEA388-1570-4312-BA80-5E7A30BF3A89}.AppStore|x86.Build.0 = Debug|Any CPU
		{05EEA388-1570-4312-BA80-5E7A30BF3A89}.AppStore|x86.Deploy.0 = Debug|Any CPU
		{05EEA388-1570-4312-BA80-5E7A30BF3A89}.Debug|Any CPU.ActiveCfg = Debug|Any CPU
		{05EEA388-1570-4312-BA80-5E7A30BF3A89}.Debug|Any CPU.Build.0 = Debug|Any CPU
		{05EEA388-1570-4312-BA80-5E7A30BF3A89}.Debug|Any CPU.Deploy.0 = Debug|Any CPU
		{05EEA388-1570-4312-BA80-5E7A30BF3A89}.Debug|ARM.ActiveCfg = Debug|Any CPU
		{05EEA388-1570-4312-BA80-5E7A30BF3A89}.Debug|ARM.Build.0 = Debug|Any CPU
		{05EEA388-1570-4312-BA80-5E7A30BF3A89}.Debug|ARM.Deploy.0 = Debug|Any CPU
		{05EEA388-1570-4312-BA80-5E7A30BF3A89}.Debug|iPhone.ActiveCfg = Debug|Any CPU
		{05EEA388-1570-4312-BA80-5E7A30BF3A89}.Debug|iPhone.Build.0 = Debug|Any CPU
		{05EEA388-1570-4312-BA80-5E7A30BF3A89}.Debug|iPhone.Deploy.0 = Debug|Any CPU
		{05EEA388-1570-4312-BA80-5E7A30BF3A89}.Debug|iPhoneSimulator.ActiveCfg = Debug|Any CPU
		{05EEA388-1570-4312-BA80-5E7A30BF3A89}.Debug|iPhoneSimulator.Build.0 = Debug|Any CPU
		{05EEA388-1570-4312-BA80-5E7A30BF3A89}.Debug|iPhoneSimulator.Deploy.0 = Debug|Any CPU
		{05EEA388-1570-4312-BA80-5E7A30BF3A89}.Debug|x64.ActiveCfg = Debug|Any CPU
		{05EEA388-1570-4312-BA80-5E7A30BF3A89}.Debug|x64.Build.0 = Debug|Any CPU
		{05EEA388-1570-4312-BA80-5E7A30BF3A89}.Debug|x64.Deploy.0 = Debug|Any CPU
		{05EEA388-1570-4312-BA80-5E7A30BF3A89}.Debug|x86.ActiveCfg = Debug|Any CPU
		{05EEA388-1570-4312-BA80-5E7A30BF3A89}.Debug|x86.Build.0 = Debug|Any CPU
		{05EEA388-1570-4312-BA80-5E7A30BF3A89}.Debug|x86.Deploy.0 = Debug|Any CPU
		{05EEA388-1570-4312-BA80-5E7A30BF3A89}.Release|Any CPU.ActiveCfg = Release|Any CPU
		{05EEA388-1570-4312-BA80-5E7A30BF3A89}.Release|Any CPU.Build.0 = Release|Any CPU
		{05EEA388-1570-4312-BA80-5E7A30BF3A89}.Release|Any CPU.Deploy.0 = Release|Any CPU
		{05EEA388-1570-4312-BA80-5E7A30BF3A89}.Release|ARM.ActiveCfg = Release|Any CPU
		{05EEA388-1570-4312-BA80-5E7A30BF3A89}.Release|ARM.Build.0 = Release|Any CPU
		{05EEA388-1570-4312-BA80-5E7A30BF3A89}.Release|ARM.Deploy.0 = Release|Any CPU
		{05EEA388-1570-4312-BA80-5E7A30BF3A89}.Release|iPhone.ActiveCfg = Release|Any CPU
		{05EEA388-1570-4312-BA80-5E7A30BF3A89}.Release|iPhone.Build.0 = Release|Any CPU
		{05EEA388-1570-4312-BA80-5E7A30BF3A89}.Release|iPhone.Deploy.0 = Release|Any CPU
		{05EEA388-1570-4312-BA80-5E7A30BF3A89}.Release|iPhoneSimulator.ActiveCfg = Release|Any CPU
		{05EEA388-1570-4312-BA80-5E7A30BF3A89}.Release|iPhoneSimulator.Build.0 = Release|Any CPU
		{05EEA388-1570-4312-BA80-5E7A30BF3A89}.Release|iPhoneSimulator.Deploy.0 = Release|Any CPU
		{05EEA388-1570-4312-BA80-5E7A30BF3A89}.Release|x64.ActiveCfg = Release|Any CPU
		{05EEA388-1570-4312-BA80-5E7A30BF3A89}.Release|x64.Build.0 = Release|Any CPU
		{05EEA388-1570-4312-BA80-5E7A30BF3A89}.Release|x64.Deploy.0 = Release|Any CPU
		{05EEA388-1570-4312-BA80-5E7A30BF3A89}.Release|x86.ActiveCfg = Release|Any CPU
		{05EEA388-1570-4312-BA80-5E7A30BF3A89}.Release|x86.Build.0 = Release|Any CPU
		{05EEA388-1570-4312-BA80-5E7A30BF3A89}.Release|x86.Deploy.0 = Release|Any CPU
		{395F0560-61AA-469B-9B5E-B5900C10FF3A}.Ad-Hoc|Any CPU.ActiveCfg = Debug|Any CPU
		{395F0560-61AA-469B-9B5E-B5900C10FF3A}.Ad-Hoc|Any CPU.Build.0 = Debug|Any CPU
		{395F0560-61AA-469B-9B5E-B5900C10FF3A}.Ad-Hoc|ARM.ActiveCfg = Debug|Any CPU
		{395F0560-61AA-469B-9B5E-B5900C10FF3A}.Ad-Hoc|ARM.Build.0 = Debug|Any CPU
		{395F0560-61AA-469B-9B5E-B5900C10FF3A}.Ad-Hoc|iPhone.ActiveCfg = Debug|Any CPU
		{395F0560-61AA-469B-9B5E-B5900C10FF3A}.Ad-Hoc|iPhone.Build.0 = Debug|Any CPU
		{395F0560-61AA-469B-9B5E-B5900C10FF3A}.Ad-Hoc|iPhoneSimulator.ActiveCfg = Debug|Any CPU
		{395F0560-61AA-469B-9B5E-B5900C10FF3A}.Ad-Hoc|iPhoneSimulator.Build.0 = Debug|Any CPU
		{395F0560-61AA-469B-9B5E-B5900C10FF3A}.Ad-Hoc|x64.ActiveCfg = Debug|Any CPU
		{395F0560-61AA-469B-9B5E-B5900C10FF3A}.Ad-Hoc|x64.Build.0 = Debug|Any CPU
		{395F0560-61AA-469B-9B5E-B5900C10FF3A}.Ad-Hoc|x86.ActiveCfg = Debug|Any CPU
		{395F0560-61AA-469B-9B5E-B5900C10FF3A}.Ad-Hoc|x86.Build.0 = Debug|Any CPU
		{395F0560-61AA-469B-9B5E-B5900C10FF3A}.AppStore|Any CPU.ActiveCfg = Debug|Any CPU
		{395F0560-61AA-469B-9B5E-B5900C10FF3A}.AppStore|Any CPU.Build.0 = Debug|Any CPU
		{395F0560-61AA-469B-9B5E-B5900C10FF3A}.AppStore|ARM.ActiveCfg = Debug|Any CPU
		{395F0560-61AA-469B-9B5E-B5900C10FF3A}.AppStore|ARM.Build.0 = Debug|Any CPU
		{395F0560-61AA-469B-9B5E-B5900C10FF3A}.AppStore|iPhone.ActiveCfg = Debug|Any CPU
		{395F0560-61AA-469B-9B5E-B5900C10FF3A}.AppStore|iPhone.Build.0 = Debug|Any CPU
		{395F0560-61AA-469B-9B5E-B5900C10FF3A}.AppStore|iPhoneSimulator.ActiveCfg = Debug|Any CPU
		{395F0560-61AA-469B-9B5E-B5900C10FF3A}.AppStore|iPhoneSimulator.Build.0 = Debug|Any CPU
		{395F0560-61AA-469B-9B5E-B5900C10FF3A}.AppStore|x64.ActiveCfg = Debug|Any CPU
		{395F0560-61AA-469B-9B5E-B5900C10FF3A}.AppStore|x64.Build.0 = Debug|Any CPU
		{395F0560-61AA-469B-9B5E-B5900C10FF3A}.AppStore|x86.ActiveCfg = Debug|Any CPU
		{395F0560-61AA-469B-9B5E-B5900C10FF3A}.AppStore|x86.Build.0 = Debug|Any CPU
		{395F0560-61AA-469B-9B5E-B5900C10FF3A}.Debug|Any CPU.ActiveCfg = Debug|Any CPU
		{395F0560-61AA-469B-9B5E-B5900C10FF3A}.Debug|Any CPU.Build.0 = Debug|Any CPU
		{395F0560-61AA-469B-9B5E-B5900C10FF3A}.Debug|ARM.ActiveCfg = Debug|Any CPU
		{395F0560-61AA-469B-9B5E-B5900C10FF3A}.Debug|ARM.Build.0 = Debug|Any CPU
		{395F0560-61AA-469B-9B5E-B5900C10FF3A}.Debug|iPhone.ActiveCfg = Debug|Any CPU
		{395F0560-61AA-469B-9B5E-B5900C10FF3A}.Debug|iPhone.Build.0 = Debug|Any CPU
		{395F0560-61AA-469B-9B5E-B5900C10FF3A}.Debug|iPhoneSimulator.ActiveCfg = Debug|Any CPU
		{395F0560-61AA-469B-9B5E-B5900C10FF3A}.Debug|iPhoneSimulator.Build.0 = Debug|Any CPU
		{395F0560-61AA-469B-9B5E-B5900C10FF3A}.Debug|x64.ActiveCfg = Debug|Any CPU
		{395F0560-61AA-469B-9B5E-B5900C10FF3A}.Debug|x64.Build.0 = Debug|Any CPU
		{395F0560-61AA-469B-9B5E-B5900C10FF3A}.Debug|x86.ActiveCfg = Debug|Any CPU
		{395F0560-61AA-469B-9B5E-B5900C10FF3A}.Debug|x86.Build.0 = Debug|Any CPU
		{395F0560-61AA-469B-9B5E-B5900C10FF3A}.Release|Any CPU.ActiveCfg = Release|Any CPU
		{395F0560-61AA-469B-9B5E-B5900C10FF3A}.Release|Any CPU.Build.0 = Release|Any CPU
		{395F0560-61AA-469B-9B5E-B5900C10FF3A}.Release|ARM.ActiveCfg = Release|Any CPU
		{395F0560-61AA-469B-9B5E-B5900C10FF3A}.Release|ARM.Build.0 = Release|Any CPU
		{395F0560-61AA-469B-9B5E-B5900C10FF3A}.Release|iPhone.ActiveCfg = Release|Any CPU
		{395F0560-61AA-469B-9B5E-B5900C10FF3A}.Release|iPhone.Build.0 = Release|Any CPU
		{395F0560-61AA-469B-9B5E-B5900C10FF3A}.Release|iPhoneSimulator.ActiveCfg = Release|Any CPU
		{395F0560-61AA-469B-9B5E-B5900C10FF3A}.Release|iPhoneSimulator.Build.0 = Release|Any CPU
		{395F0560-61AA-469B-9B5E-B5900C10FF3A}.Release|x64.ActiveCfg = Release|Any CPU
		{395F0560-61AA-469B-9B5E-B5900C10FF3A}.Release|x64.Build.0 = Release|Any CPU
		{395F0560-61AA-469B-9B5E-B5900C10FF3A}.Release|x86.ActiveCfg = Release|Any CPU
		{395F0560-61AA-469B-9B5E-B5900C10FF3A}.Release|x86.Build.0 = Release|Any CPU
		{FFEC4242-E44D-4BED-AE22-B0F626D1A3D1}.Ad-Hoc|Any CPU.ActiveCfg = Debug|Any CPU
		{FFEC4242-E44D-4BED-AE22-B0F626D1A3D1}.Ad-Hoc|Any CPU.Build.0 = Debug|Any CPU
		{FFEC4242-E44D-4BED-AE22-B0F626D1A3D1}.Ad-Hoc|ARM.ActiveCfg = Debug|Any CPU
		{FFEC4242-E44D-4BED-AE22-B0F626D1A3D1}.Ad-Hoc|ARM.Build.0 = Debug|Any CPU
		{FFEC4242-E44D-4BED-AE22-B0F626D1A3D1}.Ad-Hoc|iPhone.ActiveCfg = Debug|Any CPU
		{FFEC4242-E44D-4BED-AE22-B0F626D1A3D1}.Ad-Hoc|iPhone.Build.0 = Debug|Any CPU
		{FFEC4242-E44D-4BED-AE22-B0F626D1A3D1}.Ad-Hoc|iPhoneSimulator.ActiveCfg = Debug|Any CPU
		{FFEC4242-E44D-4BED-AE22-B0F626D1A3D1}.Ad-Hoc|iPhoneSimulator.Build.0 = Debug|Any CPU
		{FFEC4242-E44D-4BED-AE22-B0F626D1A3D1}.Ad-Hoc|x64.ActiveCfg = Debug|Any CPU
		{FFEC4242-E44D-4BED-AE22-B0F626D1A3D1}.Ad-Hoc|x64.Build.0 = Debug|Any CPU
		{FFEC4242-E44D-4BED-AE22-B0F626D1A3D1}.Ad-Hoc|x86.ActiveCfg = Debug|Any CPU
		{FFEC4242-E44D-4BED-AE22-B0F626D1A3D1}.Ad-Hoc|x86.Build.0 = Debug|Any CPU
		{FFEC4242-E44D-4BED-AE22-B0F626D1A3D1}.AppStore|Any CPU.ActiveCfg = Debug|Any CPU
		{FFEC4242-E44D-4BED-AE22-B0F626D1A3D1}.AppStore|Any CPU.Build.0 = Debug|Any CPU
		{FFEC4242-E44D-4BED-AE22-B0F626D1A3D1}.AppStore|ARM.ActiveCfg = Debug|Any CPU
		{FFEC4242-E44D-4BED-AE22-B0F626D1A3D1}.AppStore|ARM.Build.0 = Debug|Any CPU
		{FFEC4242-E44D-4BED-AE22-B0F626D1A3D1}.AppStore|iPhone.ActiveCfg = Debug|Any CPU
		{FFEC4242-E44D-4BED-AE22-B0F626D1A3D1}.AppStore|iPhone.Build.0 = Debug|Any CPU
		{FFEC4242-E44D-4BED-AE22-B0F626D1A3D1}.AppStore|iPhoneSimulator.ActiveCfg = Debug|Any CPU
		{FFEC4242-E44D-4BED-AE22-B0F626D1A3D1}.AppStore|iPhoneSimulator.Build.0 = Debug|Any CPU
		{FFEC4242-E44D-4BED-AE22-B0F626D1A3D1}.AppStore|x64.ActiveCfg = Debug|Any CPU
		{FFEC4242-E44D-4BED-AE22-B0F626D1A3D1}.AppStore|x64.Build.0 = Debug|Any CPU
		{FFEC4242-E44D-4BED-AE22-B0F626D1A3D1}.AppStore|x86.ActiveCfg = Debug|Any CPU
		{FFEC4242-E44D-4BED-AE22-B0F626D1A3D1}.AppStore|x86.Build.0 = Debug|Any CPU
		{FFEC4242-E44D-4BED-AE22-B0F626D1A3D1}.Debug|Any CPU.ActiveCfg = Debug|Any CPU
		{FFEC4242-E44D-4BED-AE22-B0F626D1A3D1}.Debug|Any CPU.Build.0 = Debug|Any CPU
		{FFEC4242-E44D-4BED-AE22-B0F626D1A3D1}.Debug|ARM.ActiveCfg = Debug|Any CPU
		{FFEC4242-E44D-4BED-AE22-B0F626D1A3D1}.Debug|ARM.Build.0 = Debug|Any CPU
		{FFEC4242-E44D-4BED-AE22-B0F626D1A3D1}.Debug|iPhone.ActiveCfg = Debug|Any CPU
		{FFEC4242-E44D-4BED-AE22-B0F626D1A3D1}.Debug|iPhone.Build.0 = Debug|Any CPU
		{FFEC4242-E44D-4BED-AE22-B0F626D1A3D1}.Debug|iPhoneSimulator.ActiveCfg = Debug|Any CPU
		{FFEC4242-E44D-4BED-AE22-B0F626D1A3D1}.Debug|iPhoneSimulator.Build.0 = Debug|Any CPU
		{FFEC4242-E44D-4BED-AE22-B0F626D1A3D1}.Debug|x64.ActiveCfg = Debug|Any CPU
		{FFEC4242-E44D-4BED-AE22-B0F626D1A3D1}.Debug|x64.Build.0 = Debug|Any CPU
		{FFEC4242-E44D-4BED-AE22-B0F626D1A3D1}.Debug|x86.ActiveCfg = Debug|Any CPU
		{FFEC4242-E44D-4BED-AE22-B0F626D1A3D1}.Debug|x86.Build.0 = Debug|Any CPU
		{FFEC4242-E44D-4BED-AE22-B0F626D1A3D1}.Release|Any CPU.ActiveCfg = Release|Any CPU
		{FFEC4242-E44D-4BED-AE22-B0F626D1A3D1}.Release|Any CPU.Build.0 = Release|Any CPU
		{FFEC4242-E44D-4BED-AE22-B0F626D1A3D1}.Release|ARM.ActiveCfg = Release|Any CPU
		{FFEC4242-E44D-4BED-AE22-B0F626D1A3D1}.Release|ARM.Build.0 = Release|Any CPU
		{FFEC4242-E44D-4BED-AE22-B0F626D1A3D1}.Release|iPhone.ActiveCfg = Release|Any CPU
		{FFEC4242-E44D-4BED-AE22-B0F626D1A3D1}.Release|iPhone.Build.0 = Release|Any CPU
		{FFEC4242-E44D-4BED-AE22-B0F626D1A3D1}.Release|iPhoneSimulator.ActiveCfg = Release|Any CPU
		{FFEC4242-E44D-4BED-AE22-B0F626D1A3D1}.Release|iPhoneSimulator.Build.0 = Release|Any CPU
		{FFEC4242-E44D-4BED-AE22-B0F626D1A3D1}.Release|x64.ActiveCfg = Release|Any CPU
		{FFEC4242-E44D-4BED-AE22-B0F626D1A3D1}.Release|x64.Build.0 = Release|Any CPU
		{FFEC4242-E44D-4BED-AE22-B0F626D1A3D1}.Release|x86.ActiveCfg = Release|Any CPU
		{FFEC4242-E44D-4BED-AE22-B0F626D1A3D1}.Release|x86.Build.0 = Release|Any CPU
	EndGlobalSection
	GlobalSection(SolutionProperties) = preSolution
		HideSolutionNode = FALSE
	EndGlobalSection
	GlobalSection(ExtensibilityGlobals) = postSolution
		SolutionGuid = {4E6D27E1-14DD-4AE2-BF80-CCF03A89B599}
	EndGlobalSection
EndGlobal
